
Microsoft Visual Studio Solution File, Format Version 11.00
# Visual Studio 2010
Project("{8BC9CEB8-8B4A-11D0-8D11-00A0C91BC942}") = "reconstruction3D_vs", "reconstruction3D_vs\reconstruction3D_vs.vcxproj", "{F7AB2E08-89FF-4240-A862-E2A6B0C10B57}"
EndProject
Global
	GlobalSection(SolutionConfigurationPlatforms) = preSolution
		Debug|Win32 = Debug|Win32
		Release|Win32 = Release|Win32
	EndGlobalSection
	GlobalSection(ProjectConfigurationPlatforms) = postSolution
		{F7AB2E08-89FF-4240-A862-E2A6B0C10B57}.Debug|Win32.ActiveCfg = Debug|Win32
		{F7AB2E08-89FF-4240-A862-E2A6B0C10B57}.Debug|Win32.Build.0 = Debug|Win32
		{F7AB2E08-89FF-4240-A862-E2A6B0C10B57}.Release|Win32.ActiveCfg = Release|Win32
		{F7AB2E08-89FF-4240-A862-E2A6B0C10B57}.Release|Win32.Build.0 = Release|Win32
	EndGlobalSection
	GlobalSection(SolutionProperties) = preSolution
		HideSolutionNode = FALSE
	EndGlobalSection
EndGlobal
